
Microsoft Visual Studio Solution File, Format Version 12.00
# Visual Studio 2012
Project("{FAE04EC0-301F-11D3-BF4B-00C04F79EFBC}") = "UserHospital", "UserHospital\UserHospital.csproj", "{B6E4CC0C-0472-4209-B830-8D1409400156}"
EndProject
Global
	GlobalSection(SolutionConfigurationPlatforms) = preSolution
		Debug|Any CPU = Debug|Any CPU
		Release|Any CPU = Release|Any CPU
	EndGlobalSection
	GlobalSection(ProjectConfigurationPlatforms) = postSolution
		{B6E4CC0C-0472-4209-B830-8D1409400156}.Debug|Any CPU.ActiveCfg = Debug|Any CPU
		{B6E4CC0C-0472-4209-B830-8D1409400156}.Debug|Any CPU.Build.0 = Debug|Any CPU
		{B6E4CC0C-0472-4209-B830-8D1409400156}.Release|Any CPU.ActiveCfg = Release|Any CPU
		{B6E4CC0C-0472-4209-B830-8D1409400156}.Release|Any CPU.Build.0 = Release|Any CPU
	EndGlobalSection
	GlobalSection(SolutionProperties) = preSolution
		HideSolutionNode = FALSE
	EndGlobalSection
EndGlobal
